
Microsoft Visual Studio Solution File, Format Version 11.00
# Visual Studio 2010
Project("{FAE04EC0-301F-11D3-BF4B-00C04F79EFBC}") = "CuentasNet", "CuentasNet\CuentasNet.csproj", "{DE9B3006-C34E-4E90-BE34-83CF6D4976A6}"
EndProject
Global
	GlobalSection(SolutionConfigurationPlatforms) = preSolution
		Debug|x86 = Debug|x86
		Release|x86 = Release|x86
	EndGlobalSection
	GlobalSection(ProjectConfigurationPlatforms) = postSolution
		{DE9B3006-C34E-4E90-BE34-83CF6D4976A6}.Debug|x86.ActiveCfg = Debug|x86
		{DE9B3006-C34E-4E90-BE34-83CF6D4976A6}.Debug|x86.Build.0 = Debug|x86
		{DE9B3006-C34E-4E90-BE34-83CF6D4976A6}.Release|x86.ActiveCfg = Release|x86
		{DE9B3006-C34E-4E90-BE34-83CF6D4976A6}.Release|x86.Build.0 = Release|x86
	EndGlobalSection
	GlobalSection(SolutionProperties) = preSolution
		HideSolutionNode = FALSE
	EndGlobalSection
EndGlobal
